{
  "object": {
    "pins": [
      {
        "package": "SwiftDocCPlugin",
        "repositoryURL": "https://github.com/themomax/swift-docc-plugin",
        "state": {
          "branch": "add-extended-types-flag",
          "revision": "9f979e032e4e5d0e22200968c9ffcf285b778c0a",
          "version": null
        }
      },
      {
        "package": "SymbolKit",
        "repositoryURL": "https://github.com/apple/swift-docc-symbolkit",
        "state": {
          "branch": "main",
          "revision": "ccad2c3189e2a128e5773c3ce4787bc3e28672eb",
          "version": null
        }
      }
    ]
  },
  "version": 1
}
